Microsoft Visual Studio Solution File, Format Version 12.00
# Visual Studio Version 17
VisualStudioVersion = 17.5.2.0
MinimumVisualStudioVersion = 10.0.40219.1
Project("{FAE04EC0-301F-11D3-BF4B-00C04F79EFBC}") = "Kil0bitSystemMonitor", "Kil0bitSystemMonitor.csproj", "{27DAA020-C51D-6CAD-F67D-B54DE7809A73}"
EndProject
Global
	GlobalSection(SolutionConfigurationPlatforms) = preSolution
		Debug|Any CPU = Debug|Any CPU
		Release|Any CPU = Release|Any CPU
	EndGlobalSection
	GlobalSection(ProjectConfigurationPlatforms) = postSolution
		{27DAA020-C51D-6CAD-F67D-B54DE7809A73}.Debug|Any CPU.ActiveCfg = Debug|Any CPU
		{27DAA020-C51D-6CAD-F67D-B54DE7809A73}.Debug|Any CPU.Build.0 = Debug|Any CPU
		{27DAA020-C51D-6CAD-F67D-B54DE7809A73}.Release|Any CPU.ActiveCfg = Release|Any CPU
		{27DAA020-C51D-6CAD-F67D-B54DE7809A73}.Release|Any CPU.Build.0 = Release|Any CPU
	EndGlobalSection
	GlobalSection(SolutionProperties) = preSolution
		HideSolutionNode = FALSE
	EndGlobalSection
	GlobalSection(ExtensibilityGlobals) = postSolution
		SolutionGuid = {6DEFB275-F342-4F7B-AB68-7E68805C1F46}
	EndGlobalSection
EndGlobal
